
Microsoft Visual Studio Solution File, Format Version 12.00
# Visual Studio Version 17
VisualStudioVersion = 17.10.34916.146
MinimumVisualStudioVersion = 10.0.40219.1
Project("{FAE04EC0-301F-11D3-BF4B-00C04F79EFBC}") = "TicketApi", "TicketApi.csproj", "{47131981-8059-4851-BB77-B2061B7C3AB2}"
EndProject
Project("{FAE04EC0-301F-11D3-BF4B-00C04F79EFBC}") = "Domain", "..\Domain\Domain.csproj", "{06BDC3D6-427B-4D52-B90D-730578F2C8AF}"
EndProject
Project("{FAE04EC0-301F-11D3-BF4B-00C04F79EFBC}") = "Application", "..\Application\Application.csproj", "{55140E56-CD6D-4DF8-83DE-D02831AF6C52}"
EndProject
Project("{FAE04EC0-301F-11D3-BF4B-00C04F79EFBC}") = "Infrastructure", "..\Infrastructure\Infrastructure.csproj", "{1FF2CC55-4BC1-43D8-A507-CF9F6A19FCE3}"
EndProject
Global
	GlobalSection(SolutionConfigurationPlatforms) = preSolution
		Debug|Any CPU = Debug|Any CPU
		Release|Any CPU = Release|Any CPU
	EndGlobalSection
	GlobalSection(ProjectConfigurationPlatforms) = postSolution
		{47131981-8059-4851-BB77-B2061B7C3AB2}.Debug|Any CPU.ActiveCfg = Debug|Any CPU
		{47131981-8059-4851-BB77-B2061B7C3AB2}.Debug|Any CPU.Build.0 = Debug|Any CPU
		{47131981-8059-4851-BB77-B2061B7C3AB2}.Release|Any CPU.ActiveCfg = Release|Any CPU
		{47131981-8059-4851-BB77-B2061B7C3AB2}.Release|Any CPU.Build.0 = Release|Any CPU
		{06BDC3D6-427B-4D52-B90D-730578F2C8AF}.Debug|Any CPU.ActiveCfg = Debug|Any CPU
		{06BDC3D6-427B-4D52-B90D-730578F2C8AF}.Debug|Any CPU.Build.0 = Debug|Any CPU
		{06BDC3D6-427B-4D52-B90D-730578F2C8AF}.Release|Any CPU.ActiveCfg = Release|Any CPU
		{06BDC3D6-427B-4D52-B90D-730578F2C8AF}.Release|Any CPU.Build.0 = Release|Any CPU
		{55140E56-CD6D-4DF8-83DE-D02831AF6C52}.Debug|Any CPU.ActiveCfg = Debug|Any CPU
		{55140E56-CD6D-4DF8-83DE-D02831AF6C52}.Debug|Any CPU.Build.0 = Debug|Any CPU
		{55140E56-CD6D-4DF8-83DE-D02831AF6C52}.Release|Any CPU.ActiveCfg = Release|Any CPU
		{55140E56-CD6D-4DF8-83DE-D02831AF6C52}.Release|Any CPU.Build.0 = Release|Any CPU
		{1FF2CC55-4BC1-43D8-A507-CF9F6A19FCE3}.Debug|Any CPU.ActiveCfg = Debug|Any CPU
		{1FF2CC55-4BC1-43D8-A507-CF9F6A19FCE3}.Debug|Any CPU.Build.0 = Debug|Any CPU
		{1FF2CC55-4BC1-43D8-A507-CF9F6A19FCE3}.Release|Any CPU.ActiveCfg = Release|Any CPU
		{1FF2CC55-4BC1-43D8-A507-CF9F6A19FCE3}.Release|Any CPU.Build.0 = Release|Any CPU
	EndGlobalSection
	GlobalSection(SolutionProperties) = preSolution
		HideSolutionNode = FALSE
	EndGlobalSection
	GlobalSection(ExtensibilityGlobals) = postSolution
		SolutionGuid = {31AA4342-3F04-4975-9972-FC6678840C6A}
	EndGlobalSection
EndGlobal
